
Microsoft Visual Studio Solution File, Format Version 12.00
# Visual Studio Express 15 for Windows Desktop
VisualStudioVersion = 15.0.28010.2016
MinimumVisualStudioVersion = 10.0.40219.1
Project("{8BC9CEB8-8B4A-11D0-8D11-00A0C91BC942}") = "collegetest123", "collegetest123\collegetest123.vcxproj", "{5FF3A842-BA42-4D08-AA99-F1EE2E80DEFA}"
EndProject
Global
	GlobalSection(SolutionConfigurationPlatforms) = preSolution
		Debug|x64 = Debug|x64
		Debug|x86 = Debug|x86
		Release|x64 = Release|x64
		Release|x86 = Release|x86
	EndGlobalSection
	GlobalSection(ProjectConfigurationPlatforms) = postSolution
		{5FF3A842-BA42-4D08-AA99-F1EE2E80DEFA}.Debug|x64.ActiveCfg = Debug|x64
		{5FF3A842-BA42-4D08-AA99-F1EE2E80DEFA}.Debug|x64.Build.0 = Debug|x64
		{5FF3A842-BA42-4D08-AA99-F1EE2E80DEFA}.Debug|x86.ActiveCfg = Debug|Win32
		{5FF3A842-BA42-4D08-AA99-F1EE2E80DEFA}.Debug|x86.Build.0 = Debug|Win32
		{5FF3A842-BA42-4D08-AA99-F1EE2E80DEFA}.Release|x64.ActiveCfg = Release|x64
		{5FF3A842-BA42-4D08-AA99-F1EE2E80DEFA}.Release|x64.Build.0 = Release|x64
		{5FF3A842-BA42-4D08-AA99-F1EE2E80DEFA}.Release|x86.ActiveCfg = Release|Win32
		{5FF3A842-BA42-4D08-AA99-F1EE2E80DEFA}.Release|x86.Build.0 = Release|Win32
	EndGlobalSection
	GlobalSection(SolutionProperties) = preSolution
		HideSolutionNode = FALSE
	EndGlobalSection
	GlobalSection(ExtensibilityGlobals) = postSolution
		SolutionGuid = {F23D628E-4117-4E53-8FA8-A56EE0FD00E8}
	EndGlobalSection
EndGlobal
