
Microsoft Visual Studio Solution File, Format Version 12.00
# Visual Studio Express 15 for Windows Desktop
VisualStudioVersion = 15.0.28010.2016
MinimumVisualStudioVersion = 10.0.40219.1
Project("{8BC9CEB8-8B4A-11D0-8D11-00A0C91BC942}") = "ConsoleApplication15", "ConsoleApplication15\ConsoleApplication15.vcxproj", "{184CB534-3909-48B3-B1A0-652FD9280007}"
EndProject
Global
	GlobalSection(SolutionConfigurationPlatforms) = preSolution
		Debug|x64 = Debug|x64
		Debug|x86 = Debug|x86
		Release|x64 = Release|x64
		Release|x86 = Release|x86
	EndGlobalSection
	GlobalSection(ProjectConfigurationPlatforms) = postSolution
		{184CB534-3909-48B3-B1A0-652FD9280007}.Debug|x64.ActiveCfg = Debug|x64
		{184CB534-3909-48B3-B1A0-652FD9280007}.Debug|x64.Build.0 = Debug|x64
		{184CB534-3909-48B3-B1A0-652FD9280007}.Debug|x86.ActiveCfg = Debug|Win32
		{184CB534-3909-48B3-B1A0-652FD9280007}.Debug|x86.Build.0 = Debug|Win32
		{184CB534-3909-48B3-B1A0-652FD9280007}.Release|x64.ActiveCfg = Release|x64
		{184CB534-3909-48B3-B1A0-652FD9280007}.Release|x64.Build.0 = Release|x64
		{184CB534-3909-48B3-B1A0-652FD9280007}.Release|x86.ActiveCfg = Release|Win32
		{184CB534-3909-48B3-B1A0-652FD9280007}.Release|x86.Build.0 = Release|Win32
	EndGlobalSection
	GlobalSection(SolutionProperties) = preSolution
		HideSolutionNode = FALSE
	EndGlobalSection
	GlobalSection(ExtensibilityGlobals) = postSolution
		SolutionGuid = {F363C3B7-DA9C-443D-B3EA-72F53CE2CD33}
	EndGlobalSection
EndGlobal
