
Microsoft Visual Studio Solution File, Format Version 12.00
# Visual Studio Express 15 for Windows Desktop
VisualStudioVersion = 15.0.28010.2016
MinimumVisualStudioVersion = 10.0.40219.1
Project("{8BC9CEB8-8B4A-11D0-8D11-00A0C91BC942}") = "ConsoleApplication5", "ConsoleApplication5\ConsoleApplication5.vcxproj", "{304A9534-CA29-420F-9C2B-84E56A424A63}"
EndProject
Global
	GlobalSection(SolutionConfigurationPlatforms) = preSolution
		Debug|x64 = Debug|x64
		Debug|x86 = Debug|x86
		Release|x64 = Release|x64
		Release|x86 = Release|x86
	EndGlobalSection
	GlobalSection(ProjectConfigurationPlatforms) = postSolution
		{304A9534-CA29-420F-9C2B-84E56A424A63}.Debug|x64.ActiveCfg = Debug|x64
		{304A9534-CA29-420F-9C2B-84E56A424A63}.Debug|x64.Build.0 = Debug|x64
		{304A9534-CA29-420F-9C2B-84E56A424A63}.Debug|x86.ActiveCfg = Debug|Win32
		{304A9534-CA29-420F-9C2B-84E56A424A63}.Debug|x86.Build.0 = Debug|Win32
		{304A9534-CA29-420F-9C2B-84E56A424A63}.Release|x64.ActiveCfg = Release|x64
		{304A9534-CA29-420F-9C2B-84E56A424A63}.Release|x64.Build.0 = Release|x64
		{304A9534-CA29-420F-9C2B-84E56A424A63}.Release|x86.ActiveCfg = Release|Win32
		{304A9534-CA29-420F-9C2B-84E56A424A63}.Release|x86.Build.0 = Release|Win32
	EndGlobalSection
	GlobalSection(SolutionProperties) = preSolution
		HideSolutionNode = FALSE
	EndGlobalSection
	GlobalSection(ExtensibilityGlobals) = postSolution
		SolutionGuid = {39A10E99-54A9-4947-8316-A1F261FC1834}
	EndGlobalSection
EndGlobal
