
Microsoft Visual Studio Solution File, Format Version 12.00
# Visual Studio 15
VisualStudioVersion = 15.0.28307.136
MinimumVisualStudioVersion = 10.0.40219.1
Project("{8BC9CEB8-8B4A-11D0-8D11-00A0C91BC942}") = "bitset", "bitset\bitset.vcxproj", "{5806772B-37ED-4958-B0A6-617F1E5EFC2A}"
EndProject
Global
	GlobalSection(SolutionConfigurationPlatforms) = preSolution
		Debug|x64 = Debug|x64
		Debug|x86 = Debug|x86
		Release|x64 = Release|x64
		Release|x86 = Release|x86
	EndGlobalSection
	GlobalSection(ProjectConfigurationPlatforms) = postSolution
		{5806772B-37ED-4958-B0A6-617F1E5EFC2A}.Debug|x64.ActiveCfg = Debug|x64
		{5806772B-37ED-4958-B0A6-617F1E5EFC2A}.Debug|x64.Build.0 = Debug|x64
		{5806772B-37ED-4958-B0A6-617F1E5EFC2A}.Debug|x86.ActiveCfg = Debug|Win32
		{5806772B-37ED-4958-B0A6-617F1E5EFC2A}.Debug|x86.Build.0 = Debug|Win32
		{5806772B-37ED-4958-B0A6-617F1E5EFC2A}.Release|x64.ActiveCfg = Release|x64
		{5806772B-37ED-4958-B0A6-617F1E5EFC2A}.Release|x64.Build.0 = Release|x64
		{5806772B-37ED-4958-B0A6-617F1E5EFC2A}.Release|x86.ActiveCfg = Release|Win32
		{5806772B-37ED-4958-B0A6-617F1E5EFC2A}.Release|x86.Build.0 = Release|Win32
	EndGlobalSection
	GlobalSection(SolutionProperties) = preSolution
		HideSolutionNode = FALSE
	EndGlobalSection
	GlobalSection(ExtensibilityGlobals) = postSolution
		SolutionGuid = {AD7E75F9-6082-410C-B367-2E0E3E1995C7}
	EndGlobalSection
EndGlobal
