
Microsoft Visual Studio Solution File, Format Version 12.00
# Visual Studio Express 15 for Windows Desktop
VisualStudioVersion = 15.0.28010.2016
MinimumVisualStudioVersion = 10.0.40219.1
Project("{8BC9CEB8-8B4A-11D0-8D11-00A0C91BC942}") = "college test", "college test\college test.vcxproj", "{814701D0-8306-45DC-9B4B-1FEA26BDB583}"
EndProject
Global
	GlobalSection(SolutionConfigurationPlatforms) = preSolution
		Debug|x64 = Debug|x64
		Debug|x86 = Debug|x86
		Release|x64 = Release|x64
		Release|x86 = Release|x86
	EndGlobalSection
	GlobalSection(ProjectConfigurationPlatforms) = postSolution
		{814701D0-8306-45DC-9B4B-1FEA26BDB583}.Debug|x64.ActiveCfg = Debug|x64
		{814701D0-8306-45DC-9B4B-1FEA26BDB583}.Debug|x64.Build.0 = Debug|x64
		{814701D0-8306-45DC-9B4B-1FEA26BDB583}.Debug|x86.ActiveCfg = Debug|Win32
		{814701D0-8306-45DC-9B4B-1FEA26BDB583}.Debug|x86.Build.0 = Debug|Win32
		{814701D0-8306-45DC-9B4B-1FEA26BDB583}.Release|x64.ActiveCfg = Release|x64
		{814701D0-8306-45DC-9B4B-1FEA26BDB583}.Release|x64.Build.0 = Release|x64
		{814701D0-8306-45DC-9B4B-1FEA26BDB583}.Release|x86.ActiveCfg = Release|Win32
		{814701D0-8306-45DC-9B4B-1FEA26BDB583}.Release|x86.Build.0 = Release|Win32
	EndGlobalSection
	GlobalSection(SolutionProperties) = preSolution
		HideSolutionNode = FALSE
	EndGlobalSection
	GlobalSection(ExtensibilityGlobals) = postSolution
		SolutionGuid = {0FF1659F-EE39-44A2-98A5-EB9FCC7C248C}
	EndGlobalSection
EndGlobal
