
Microsoft Visual Studio Solution File, Format Version 12.00
# Visual Studio 15
VisualStudioVersion = 15.0.28307.136
MinimumVisualStudioVersion = 10.0.40219.1
Project("{8BC9CEB8-8B4A-11D0-8D11-00A0C91BC942}") = "ConsoleApplication36", "ConsoleApplication36\ConsoleApplication36.vcxproj", "{1191196E-1ED9-4D33-B0F1-845CA46FDF06}"
EndProject
Global
	GlobalSection(SolutionConfigurationPlatforms) = preSolution
		Debug|x64 = Debug|x64
		Debug|x86 = Debug|x86
		Release|x64 = Release|x64
		Release|x86 = Release|x86
	EndGlobalSection
	GlobalSection(ProjectConfigurationPlatforms) = postSolution
		{1191196E-1ED9-4D33-B0F1-845CA46FDF06}.Debug|x64.ActiveCfg = Debug|x64
		{1191196E-1ED9-4D33-B0F1-845CA46FDF06}.Debug|x64.Build.0 = Debug|x64
		{1191196E-1ED9-4D33-B0F1-845CA46FDF06}.Debug|x86.ActiveCfg = Debug|Win32
		{1191196E-1ED9-4D33-B0F1-845CA46FDF06}.Debug|x86.Build.0 = Debug|Win32
		{1191196E-1ED9-4D33-B0F1-845CA46FDF06}.Release|x64.ActiveCfg = Release|x64
		{1191196E-1ED9-4D33-B0F1-845CA46FDF06}.Release|x64.Build.0 = Release|x64
		{1191196E-1ED9-4D33-B0F1-845CA46FDF06}.Release|x86.ActiveCfg = Release|Win32
		{1191196E-1ED9-4D33-B0F1-845CA46FDF06}.Release|x86.Build.0 = Release|Win32
	EndGlobalSection
	GlobalSection(SolutionProperties) = preSolution
		HideSolutionNode = FALSE
	EndGlobalSection
	GlobalSection(ExtensibilityGlobals) = postSolution
		SolutionGuid = {5EF5D3B6-6F9B-4089-BA75-FF27976C0FBB}
	EndGlobalSection
EndGlobal
